// !$*UTF8*$!
{
	archiveVersion = 1;
	classes = {
	};
	objectVersion = 55;
	objects = {

/* Begin PBXBuildFile section */
		042D30F325BEA05BEF5DC695 /* Pods_MarvelCharactersTests.framework in Frameworks */ = {isa = PBXBuildFile; fileRef = 55114FB72F458C773ABFA663 /* Pods_MarvelCharactersTests.framework */; };
		0F7AF01C282F296200CB0B3B /* LoadingFooterView.swift in Sources */ = {isa = PBXBuildFile; fileRef = 0F7AF01B282F296200CB0B3B /* LoadingFooterView.swift */; };
		0F7AF02128308B5300CB0B3B /* MediaSummaryResponse.swift in Sources */ = {isa = PBXBuildFile; fileRef = 0F7AF02028308B5300CB0B3B /* MediaSummaryResponse.swift */; };
		0F7AF02328308B8100CB0B3B /* CharacterDataWrapperResponse.swift in Sources */ = {isa = PBXBuildFile; fileRef = 0F7AF02228308B8100CB0B3B /* CharacterDataWrapperResponse.swift */; };
		0F7AF02528308B9F00CB0B3B /* UrlResponse.swift in Sources */ = {isa = PBXBuildFile; fileRef = 0F7AF02428308B9F00CB0B3B /* UrlResponse.swift */; };
		0F7AF02728308BBF00CB0B3B /* CharacterDataContainerResponse.swift in Sources */ = {isa = PBXBuildFile; fileRef = 0F7AF02628308BBF00CB0B3B /* CharacterDataContainerResponse.swift */; };
		0F7AF02928308BD300CB0B3B /* ImageResponse.swift in Sources */ = {isa = PBXBuildFile; fileRef = 0F7AF02828308BD300CB0B3B /* ImageResponse.swift */; };
		0F7AF02B28308C6400CB0B3B /* CharacterResponse.swift in Sources */ = {isa = PBXBuildFile; fileRef = 0F7AF02A28308C6400CB0B3B /* CharacterResponse.swift */; };
		0F7AF02D28308C8100CB0B3B /* MediaListResponse.swift in Sources */ = {isa = PBXBuildFile; fileRef = 0F7AF02C28308C8100CB0B3B /* MediaListResponse.swift */; };
		0F7AF02F2830A70100CB0B3B /* MarvelAPIClient.swift in Sources */ = {isa = PBXBuildFile; fileRef = 0F7AF02E2830A70100CB0B3B /* MarvelAPIClient.swift */; };
		0F7AF0322830AF3100CB0B3B /* MoyaMarvelAPIClient.swift in Sources */ = {isa = PBXBuildFile; fileRef = 0F7AF0312830AF3100CB0B3B /* MoyaMarvelAPIClient.swift */; };
		0F7AF03A2830D04B00CB0B3B /* CharactersResponseTests.swift in Sources */ = {isa = PBXBuildFile; fileRef = 0F7AF0392830D04B00CB0B3B /* CharactersResponseTests.swift */; };
		0F7AF03C2830D83D00CB0B3B /* characters_response.json in Resources */ = {isa = PBXBuildFile; fileRef = 0F7AF03B2830D83D00CB0B3B /* characters_response.json */; };
		0F7AF03F2831EE2900CB0B3B /* CharacterListViewModel.swift in Sources */ = {isa = PBXBuildFile; fileRef = 0F7AF03E2831EE2900CB0B3B /* CharacterListViewModel.swift */; };
		0F7AF0432832C5B600CB0B3B /* Character.swift in Sources */ = {isa = PBXBuildFile; fileRef = 0F7AF0422832C5B600CB0B3B /* Character.swift */; };
		0F7AF0462832C71000CB0B3B /* CharacterRepository.swift in Sources */ = {isa = PBXBuildFile; fileRef = 0F7AF0452832C71000CB0B3B /* CharacterRepository.swift */; };
		0F7AF048283306F800CB0B3B /* CharacterResponse+Mapping.swift in Sources */ = {isa = PBXBuildFile; fileRef = 0F7AF047283306F800CB0B3B /* CharacterResponse+Mapping.swift */; };
		0F7AF04B2833303300CB0B3B /* MockMarvelAPIClient.swift in Sources */ = {isa = PBXBuildFile; fileRef = 0F7AF04A2833303300CB0B3B /* MockMarvelAPIClient.swift */; };
		0F7AF04D2833391200CB0B3B /* CharacterRepositoryTests.swift in Sources */ = {isa = PBXBuildFile; fileRef = 0F7AF04C2833391200CB0B3B /* CharacterRepositoryTests.swift */; };
		0F914CCA282C8724004FCB4B /* AppDelegate.swift in Sources */ = {isa = PBXBuildFile; fileRef = 0F914CC9282C8724004FCB4B /* AppDelegate.swift */; };
		0F914CCE282C8724004FCB4B /* CharacterListViewController.swift in Sources */ = {isa = PBXBuildFile; fileRef = 0F914CCD282C8724004FCB4B /* CharacterListViewController.swift */; };
		0F914CD3282C8725004FCB4B /* Assets.xcassets in Resources */ = {isa = PBXBuildFile; fileRef = 0F914CD2282C8725004FCB4B /* Assets.xcassets */; };
		0F914CD6282C8725004FCB4B /* LaunchScreen.storyboard in Resources */ = {isa = PBXBuildFile; fileRef = 0F914CD4282C8725004FCB4B /* LaunchScreen.storyboard */; };
		0F914CEB282C8725004FCB4B /* MarvelCharactersUITests.swift in Sources */ = {isa = PBXBuildFile; fileRef = 0F914CEA282C8725004FCB4B /* MarvelCharactersUITests.swift */; };
		0F914CED282C8725004FCB4B /* MarvelCharactersUITestsLaunchTests.swift in Sources */ = {isa = PBXBuildFile; fileRef = 0F914CEC282C8725004FCB4B /* MarvelCharactersUITestsLaunchTests.swift */; };
		0FBC83AB282CAD7C00C8657A /* Coordinator.swift in Sources */ = {isa = PBXBuildFile; fileRef = 0FBC83AA282CAD7C00C8657A /* Coordinator.swift */; };
		0FBC83AD282CAE5B00C8657A /* ApplicationCoordinator.swift in Sources */ = {isa = PBXBuildFile; fileRef = 0FBC83AC282CAE5B00C8657A /* ApplicationCoordinator.swift */; };
		0FBC83B2282CB29700C8657A /* Environment.swift in Sources */ = {isa = PBXBuildFile; fileRef = 0FBC83B1282CB29700C8657A /* Environment.swift */; };
		0FBC83B4282D68FC00C8657A /* CharactersListCoordinator.swift in Sources */ = {isa = PBXBuildFile; fileRef = 0FBC83B3282D68FC00C8657A /* CharactersListCoordinator.swift */; };
		0FBC83B6282D6D7000C8657A /* DefaultEnvironment.swift in Sources */ = {isa = PBXBuildFile; fileRef = 0FBC83B5282D6D7000C8657A /* DefaultEnvironment.swift */; };
		0FBC83BA282DCD1F00C8657A /* CharacterListCell.swift in Sources */ = {isa = PBXBuildFile; fileRef = 0FBC83B9282DCD1F00C8657A /* CharacterListCell.swift */; };
		60ADF49D08976061AEA709D5 /* Pods_MarvelCharacters_MarvelCharactersUITests.framework in Frameworks */ = {isa = PBXBuildFile; fileRef = 7BB4C2DEB366E986AF47D2CA /* Pods_MarvelCharacters_MarvelCharactersUITests.framework */; };
		C859326091AB56CB2A4F564A /* Pods_MarvelCharacters.framework in Frameworks */ = {isa = PBXBuildFile; fileRef = 8E6BE84CC7A4995919A8FDF7 /* Pods_MarvelCharacters.framework */; };
/* End PBXBuildFile section */

/* Begin PBXContainerItemProxy section */
		0F914CDD282C8725004FCB4B /* PBXContainerItemProxy */ = {
			isa = PBXContainerItemProxy;
			containerPortal = 0F914CBE282C8724004FCB4B /* Project object */;
			proxyType = 1;
			remoteGlobalIDString = 0F914CC5282C8724004FCB4B;
			remoteInfo = MarvelCharacters;
		};
		0F914CE7282C8725004FCB4B /* PBXContainerItemProxy */ = {
			isa = PBXContainerItemProxy;
			containerPortal = 0F914CBE282C8724004FCB4B /* Project object */;
			proxyType = 1;
			remoteGlobalIDString = 0F914CC5282C8724004FCB4B;
			remoteInfo = MarvelCharacters;
		};
/* End PBXContainerItemProxy section */

/* Begin PBXFileReference section */
		0F7AF01B282F296200CB0B3B /* LoadingFooterView.swift */ = {isa = PBXFileReference; lastKnownFileType = sourcecode.swift; path = LoadingFooterView.swift; sourceTree = "<group>"; };
		0F7AF02028308B5300CB0B3B /* MediaSummaryResponse.swift */ = {isa = PBXFileReference; lastKnownFileType = sourcecode.swift; path = MediaSummaryResponse.swift; sourceTree = "<group>"; };
		0F7AF02228308B8100CB0B3B /* CharacterDataWrapperResponse.swift */ = {isa = PBXFileReference; lastKnownFileType = sourcecode.swift; path = CharacterDataWrapperResponse.swift; sourceTree = "<group>"; };
		0F7AF02428308B9F00CB0B3B /* UrlResponse.swift */ = {isa = PBXFileReference; lastKnownFileType = sourcecode.swift; path = UrlResponse.swift; sourceTree = "<group>"; };
		0F7AF02628308BBF00CB0B3B /* CharacterDataContainerResponse.swift */ = {isa = PBXFileReference; lastKnownFileType = sourcecode.swift; path = CharacterDataContainerResponse.swift; sourceTree = "<group>"; };
		0F7AF02828308BD300CB0B3B /* ImageResponse.swift */ = {isa = PBXFileReference; lastKnownFileType = sourcecode.swift; path = ImageResponse.swift; sourceTree = "<group>"; };
		0F7AF02A28308C6400CB0B3B /* CharacterResponse.swift */ = {isa = PBXFileReference; lastKnownFileType = sourcecode.swift; path = CharacterResponse.swift; sourceTree = "<group>"; };
		0F7AF02C28308C8100CB0B3B /* MediaListResponse.swift */ = {isa = PBXFileReference; lastKnownFileType = sourcecode.swift; path = MediaListResponse.swift; sourceTree = "<group>"; };
		0F7AF02E2830A70100CB0B3B /* MarvelAPIClient.swift */ = {isa = PBXFileReference; lastKnownFileType = sourcecode.swift; path = MarvelAPIClient.swift; sourceTree = "<group>"; };
		0F7AF0312830AF3100CB0B3B /* MoyaMarvelAPIClient.swift */ = {isa = PBXFileReference; lastKnownFileType = sourcecode.swift; path = MoyaMarvelAPIClient.swift; sourceTree = "<group>"; };
		0F7AF0392830D04B00CB0B3B /* CharactersResponseTests.swift */ = {isa = PBXFileReference; lastKnownFileType = sourcecode.swift; path = CharactersResponseTests.swift; sourceTree = "<group>"; };
		0F7AF03B2830D83D00CB0B3B /* characters_response.json */ = {isa = PBXFileReference; lastKnownFileType = text.json; name = characters_response.json; path = MarvelCharactersTests/Tests/characters_response.json; sourceTree = SOURCE_ROOT; };
		0F7AF03E2831EE2900CB0B3B /* CharacterListViewModel.swift */ = {isa = PBXFileReference; lastKnownFileType = sourcecode.swift; path = CharacterListViewModel.swift; sourceTree = "<group>"; };
		0F7AF0422832C5B600CB0B3B /* Character.swift */ = {isa = PBXFileReference; lastKnownFileType = sourcecode.swift; path = Character.swift; sourceTree = "<group>"; };
		0F7AF0452832C71000CB0B3B /* CharacterRepository.swift */ = {isa = PBXFileReference; lastKnownFileType = sourcecode.swift; path = CharacterRepository.swift; sourceTree = "<group>"; };
		0F7AF047283306F800CB0B3B /* CharacterResponse+Mapping.swift */ = {isa = PBXFileReference; lastKnownFileType = sourcecode.swift; path = "CharacterResponse+Mapping.swift"; sourceTree = "<group>"; };
		0F7AF04A2833303300CB0B3B /* MockMarvelAPIClient.swift */ = {isa = PBXFileReference; lastKnownFileType = sourcecode.swift; path = MockMarvelAPIClient.swift; sourceTree = "<group>"; };
		0F7AF04C2833391200CB0B3B /* CharacterRepositoryTests.swift */ = {isa = PBXFileReference; lastKnownFileType = sourcecode.swift; path = CharacterRepositoryTests.swift; sourceTree = "<group>"; };
		0F914CC6282C8724004FCB4B /* MarvelCharacters.app */ = {isa = PBXFileReference; explicitFileType = wrapper.application; includeInIndex = 0; path = MarvelCharacters.app; sourceTree = BUILT_PRODUCTS_DIR; };
		0F914CC9282C8724004FCB4B /* AppDelegate.swift */ = {isa = PBXFileReference; lastKnownFileType = sourcecode.swift; path = AppDelegate.swift; sourceTree = "<group>"; };
		0F914CCD282C8724004FCB4B /* CharacterListViewController.swift */ = {isa = PBXFileReference; lastKnownFileType = sourcecode.swift; path = CharacterListViewController.swift; sourceTree = "<group>"; };
		0F914CD2282C8725004FCB4B /* Assets.xcassets */ = {isa = PBXFileReference; lastKnownFileType = folder.assetcatalog; path = Assets.xcassets; sourceTree = "<group>"; };
		0F914CD5282C8725004FCB4B /* Base */ = {isa = PBXFileReference; lastKnownFileType = file.storyboard; name = Base; path = Base.lproj/LaunchScreen.storyboard; sourceTree = "<group>"; };
		0F914CD7282C8725004FCB4B /* Info.plist */ = {isa = PBXFileReference; lastKnownFileType = text.plist.xml; path = Info.plist; sourceTree = "<group>"; };
		0F914CDC282C8725004FCB4B /* MarvelCharactersTests.xctest */ = {isa = PBXFileReference; explicitFileType = wrapper.cfbundle; includeInIndex = 0; path = MarvelCharactersTests.xctest; sourceTree = BUILT_PRODUCTS_DIR; };
		0F914CE6282C8725004FCB4B /* MarvelCharactersUITests.xctest */ = {isa = PBXFileReference; explicitFileType = wrapper.cfbundle; includeInIndex = 0; path = MarvelCharactersUITests.xctest; sourceTree = BUILT_PRODUCTS_DIR; };
		0F914CEA282C8725004FCB4B /* MarvelCharactersUITests.swift */ = {isa = PBXFileReference; lastKnownFileType = sourcecode.swift; path = MarvelCharactersUITests.swift; sourceTree = "<group>"; };
		0F914CEC282C8725004FCB4B /* MarvelCharactersUITestsLaunchTests.swift */ = {isa = PBXFileReference; lastKnownFileType = sourcecode.swift; path = MarvelCharactersUITestsLaunchTests.swift; sourceTree = "<group>"; };
		0FBC83AA282CAD7C00C8657A /* Coordinator.swift */ = {isa = PBXFileReference; lastKnownFileType = sourcecode.swift; path = Coordinator.swift; sourceTree = "<group>"; };
		0FBC83AC282CAE5B00C8657A /* ApplicationCoordinator.swift */ = {isa = PBXFileReference; lastKnownFileType = sourcecode.swift; path = ApplicationCoordinator.swift; sourceTree = "<group>"; };
		0FBC83B1282CB29700C8657A /* Environment.swift */ = {isa = PBXFileReference; lastKnownFileType = sourcecode.swift; path = Environment.swift; sourceTree = "<group>"; };
		0FBC83B3282D68FC00C8657A /* CharactersListCoordinator.swift */ = {isa = PBXFileReference; lastKnownFileType = sourcecode.swift; path = CharactersListCoordinator.swift; sourceTree = "<group>"; };
		0FBC83B5282D6D7000C8657A /* DefaultEnvironment.swift */ = {isa = PBXFileReference; lastKnownFileType = sourcecode.swift; path = DefaultEnvironment.swift; sourceTree = "<group>"; };
		0FBC83B9282DCD1F00C8657A /* CharacterListCell.swift */ = {isa = PBXFileReference; lastKnownFileType = sourcecode.swift; path = CharacterListCell.swift; sourceTree = "<group>"; };
		2E62A82A8759DA3BDB7310BE /* Pods-MarvelCharacters.release.xcconfig */ = {isa = PBXFileReference; includeInIndex = 1; lastKnownFileType = text.xcconfig; name = "Pods-MarvelCharacters.release.xcconfig"; path = "Target Support Files/Pods-MarvelCharacters/Pods-MarvelCharacters.release.xcconfig"; sourceTree = "<group>"; };
		460D2962B2EAB2F33324C477 /* Pods-MarvelCharactersTests.debug.xcconfig */ = {isa = PBXFileReference; includeInIndex = 1; lastKnownFileType = text.xcconfig; name = "Pods-MarvelCharactersTests.debug.xcconfig"; path = "Target Support Files/Pods-MarvelCharactersTests/Pods-MarvelCharactersTests.debug.xcconfig"; sourceTree = "<group>"; };
		55114FB72F458C773ABFA663 /* Pods_MarvelCharactersTests.framework */ = {isa = PBXFileReference; explicitFileType = wrapper.framework; includeInIndex = 0; path = Pods_MarvelCharactersTests.framework; sourceTree = BUILT_PRODUCTS_DIR; };
		61695A18356947C0FBBBB81B /* Pods-MarvelCharacters-MarvelCharactersUITests.release.xcconfig */ = {isa = PBXFileReference; includeInIndex = 1; lastKnownFileType = text.xcconfig; name = "Pods-MarvelCharacters-MarvelCharactersUITests.release.xcconfig"; path = "Target Support Files/Pods-MarvelCharacters-MarvelCharactersUITests/Pods-MarvelCharacters-MarvelCharactersUITests.release.xcconfig"; sourceTree = "<group>"; };
		6F61F41B94F4E4AD35A6182C /* Pods-MarvelCharactersTests.release.xcconfig */ = {isa = PBXFileReference; includeInIndex = 1; lastKnownFileType = text.xcconfig; name = "Pods-MarvelCharactersTests.release.xcconfig"; path = "Target Support Files/Pods-MarvelCharactersTests/Pods-MarvelCharactersTests.release.xcconfig"; sourceTree = "<group>"; };
		7BB4C2DEB366E986AF47D2CA /* Pods_MarvelCharacters_MarvelCharactersUITests.framework */ = {isa = PBXFileReference; explicitFileType = wrapper.framework; includeInIndex = 0; path = Pods_MarvelCharacters_MarvelCharactersUITests.framework; sourceTree = BUILT_PRODUCTS_DIR; };
		8E6BE84CC7A4995919A8FDF7 /* Pods_MarvelCharacters.framework */ = {isa = PBXFileReference; explicitFileType = wrapper.framework; includeInIndex = 0; path = Pods_MarvelCharacters.framework; sourceTree = BUILT_PRODUCTS_DIR; };
		A0E78647E6F05E04444A2AB7 /* Pods-MarvelCharacters-MarvelCharactersUITests.debug.xcconfig */ = {isa = PBXFileReference; includeInIndex = 1; lastKnownFileType = text.xcconfig; name = "Pods-MarvelCharacters-MarvelCharactersUITests.debug.xcconfig"; path = "Target Support Files/Pods-MarvelCharacters-MarvelCharactersUITests/Pods-MarvelCharacters-MarvelCharactersUITests.debug.xcconfig"; sourceTree = "<group>"; };
		B7295DE225BA63B50F5D6A0F /* Pods-MarvelCharacters.debug.xcconfig */ = {isa = PBXFileReference; includeInIndex = 1; lastKnownFileType = text.xcconfig; name = "Pods-MarvelCharacters.debug.xcconfig"; path = "Target Support Files/Pods-MarvelCharacters/Pods-MarvelCharacters.debug.xcconfig"; sourceTree = "<group>"; };
/* End PBXFileReference section */

/* Begin PBXFrameworksBuildPhase section */
		0F914CC3282C8724004FCB4B /* Frameworks */ = {
			isa = PBXFrameworksBuildPhase;
			buildActionMask = 2147483647;
			files = (
				C859326091AB56CB2A4F564A /* Pods_MarvelCharacters.framework in Frameworks */,
			);
			runOnlyForDeploymentPostprocessing = 0;
		};
		0F914CD9282C8725004FCB4B /* Frameworks */ = {
			isa = PBXFrameworksBuildPhase;
			buildActionMask = 2147483647;
			files = (
				042D30F325BEA05BEF5DC695 /* Pods_MarvelCharactersTests.framework in Frameworks */,
			);
			runOnlyForDeploymentPostprocessing = 0;
		};
		0F914CE3282C8725004FCB4B /* Frameworks */ = {
			isa = PBXFrameworksBuildPhase;
			buildActionMask = 2147483647;
			files = (
				60ADF49D08976061AEA709D5 /* Pods_MarvelCharacters_MarvelCharactersUITests.framework in Frameworks */,
			);
			runOnlyForDeploymentPostprocessing = 0;
		};
/* End PBXFrameworksBuildPhase section */

/* Begin PBXGroup section */
		0F7AF01D28308B1F00CB0B3B /* Data */ = {
			isa = PBXGroup;
			children = (
				0F7AF0442832C6FA00CB0B3B /* Repository */,
				0F7AF01E28308B3600CB0B3B /* MarvelAPI */,
			);
			path = Data;
			sourceTree = "<group>";
		};
		0F7AF01E28308B3600CB0B3B /* MarvelAPI */ = {
			isa = PBXGroup;
			children = (
				0F7AF0302830AF0800CB0B3B /* Moya */,
				0F7AF01F28308B3D00CB0B3B /* Response */,
				0F7AF02E2830A70100CB0B3B /* MarvelAPIClient.swift */,
			);
			path = MarvelAPI;
			sourceTree = "<group>";
		};
		0F7AF01F28308B3D00CB0B3B /* Response */ = {
			isa = PBXGroup;
			children = (
				0F7AF02428308B9F00CB0B3B /* UrlResponse.swift */,
				0F7AF02028308B5300CB0B3B /* MediaSummaryResponse.swift */,
				0F7AF02828308BD300CB0B3B /* ImageResponse.swift */,
				0F7AF02C28308C8100CB0B3B /* MediaListResponse.swift */,
				0F7AF02A28308C6400CB0B3B /* CharacterResponse.swift */,
				0F7AF02228308B8100CB0B3B /* CharacterDataWrapperResponse.swift */,
				0F7AF02628308BBF00CB0B3B /* CharacterDataContainerResponse.swift */,
			);
			path = Response;
			sourceTree = "<group>";
		};
		0F7AF0302830AF0800CB0B3B /* Moya */ = {
			isa = PBXGroup;
			children = (
				0F7AF0312830AF3100CB0B3B /* MoyaMarvelAPIClient.swift */,
			);
			path = Moya;
			sourceTree = "<group>";
		};
		0F7AF0362830CFE700CB0B3B /* Tests */ = {
			isa = PBXGroup;
			children = (
				0F7AF04928332E6700CB0B3B /* Mocks */,
				0F7AF0382830D01500CB0B3B /* Unit Tests */,
			);
			path = Tests;
			sourceTree = "<group>";
		};
		0F7AF0382830D01500CB0B3B /* Unit Tests */ = {
			isa = PBXGroup;
			children = (
				0F7AF0392830D04B00CB0B3B /* CharactersResponseTests.swift */,
				0F7AF03B2830D83D00CB0B3B /* characters_response.json */,
				0F7AF04C2833391200CB0B3B /* CharacterRepositoryTests.swift */,
			);
			path = "Unit Tests";
			sourceTree = "<group>";
		};
		0F7AF03D2831EDD700CB0B3B /* ViewModels */ = {
			isa = PBXGroup;
			children = (
				0F7AF03E2831EE2900CB0B3B /* CharacterListViewModel.swift */,
			);
			path = ViewModels;
			sourceTree = "<group>";
		};
		0F7AF0402832B9C100CB0B3B /* Domain */ = {
			isa = PBXGroup;
			children = (
				0F7AF0412832BD1200CB0B3B /* Model */,
			);
			path = Domain;
			sourceTree = "<group>";
		};
		0F7AF0412832BD1200CB0B3B /* Model */ = {
			isa = PBXGroup;
			children = (
				0F7AF0422832C5B600CB0B3B /* Character.swift */,
			);
			path = Model;
			sourceTree = "<group>";
		};
		0F7AF0442832C6FA00CB0B3B /* Repository */ = {
			isa = PBXGroup;
			children = (
				0F7AF0452832C71000CB0B3B /* CharacterRepository.swift */,
				0F7AF047283306F800CB0B3B /* CharacterResponse+Mapping.swift */,
			);
			path = Repository;
			sourceTree = "<group>";
		};
		0F7AF04928332E6700CB0B3B /* Mocks */ = {
			isa = PBXGroup;
			children = (
				0F7AF04A2833303300CB0B3B /* MockMarvelAPIClient.swift */,
			);
			path = Mocks;
			sourceTree = "<group>";
		};
		0F914CBD282C8724004FCB4B = {
			isa = PBXGroup;
			children = (
				0F914CC8282C8724004FCB4B /* MarvelCharacters */,
				0F914CDF282C8725004FCB4B /* MarvelCharactersTests */,
				0F914CE9282C8725004FCB4B /* MarvelCharactersUITests */,
				0F914CC7282C8724004FCB4B /* Products */,
				A51EF73E0EC70373617E35CE /* Pods */,
				96A865302E4053B423BD8EBF /* Frameworks */,
			);
			sourceTree = "<group>";
		};
		0F914CC7282C8724004FCB4B /* Products */ = {
			isa = PBXGroup;
			children = (
				0F914CC6282C8724004FCB4B /* MarvelCharacters.app */,
				0F914CDC282C8725004FCB4B /* MarvelCharactersTests.xctest */,
				0F914CE6282C8725004FCB4B /* MarvelCharactersUITests.xctest */,
			);
			name = Products;
			sourceTree = "<group>";
		};
		0F914CC8282C8724004FCB4B /* MarvelCharacters */ = {
			isa = PBXGroup;
			children = (
				0F7AF0402832B9C100CB0B3B /* Domain */,
				0F7AF01D28308B1F00CB0B3B /* Data */,
				0FBC83B7282DCCA900C8657A /* Presentation */,
				0FBC83A8282CAD5D00C8657A /* Application */,
				0F914CD2282C8725004FCB4B /* Assets.xcassets */,
				0F914CD4282C8725004FCB4B /* LaunchScreen.storyboard */,
				0F914CD7282C8725004FCB4B /* Info.plist */,
			);
			path = MarvelCharacters;
			sourceTree = "<group>";
		};
		0F914CDF282C8725004FCB4B /* MarvelCharactersTests */ = {
			isa = PBXGroup;
			children = (
				0F7AF0362830CFE700CB0B3B /* Tests */,
			);
			path = MarvelCharactersTests;
			sourceTree = "<group>";
		};
		0F914CE9282C8725004FCB4B /* MarvelCharactersUITests */ = {
			isa = PBXGroup;
			children = (
				0F914CEA282C8725004FCB4B /* MarvelCharactersUITests.swift */,
				0F914CEC282C8725004FCB4B /* MarvelCharactersUITestsLaunchTests.swift */,
			);
			path = MarvelCharactersUITests;
			sourceTree = "<group>";
		};
		0FBC83A8282CAD5D00C8657A /* Application */ = {
			isa = PBXGroup;
			children = (
				0FBC83B0282CB28700C8657A /* Configuration */,
				0FBC83A9282CAD6900C8657A /* Coordinators */,
				0F914CC9282C8724004FCB4B /* AppDelegate.swift */,
			);
			path = Application;
			sourceTree = "<group>";
		};
		0FBC83A9282CAD6900C8657A /* Coordinators */ = {
			isa = PBXGroup;
			children = (
				0FBC83AA282CAD7C00C8657A /* Coordinator.swift */,
				0FBC83AC282CAE5B00C8657A /* ApplicationCoordinator.swift */,
				0FBC83B3282D68FC00C8657A /* CharactersListCoordinator.swift */,
			);
			path = Coordinators;
			sourceTree = "<group>";
		};
		0FBC83B0282CB28700C8657A /* Configuration */ = {
			isa = PBXGroup;
			children = (
				0FBC83B1282CB29700C8657A /* Environment.swift */,
				0FBC83B5282D6D7000C8657A /* DefaultEnvironment.swift */,
			);
			path = Configuration;
			sourceTree = "<group>";
		};
		0FBC83B7282DCCA900C8657A /* Presentation */ = {
			isa = PBXGroup;
			children = (
				0F7AF03D2831EDD700CB0B3B /* ViewModels */,
				0FBC83B8282DCCB500C8657A /* Views */,
			);
			path = Presentation;
			sourceTree = "<group>";
		};
		0FBC83B8282DCCB500C8657A /* Views */ = {
			isa = PBXGroup;
			children = (
				0F914CCD282C8724004FCB4B /* CharacterListViewController.swift */,
				0FBC83B9282DCD1F00C8657A /* CharacterListCell.swift */,
				0F7AF01B282F296200CB0B3B /* LoadingFooterView.swift */,
			);
			path = Views;
			sourceTree = "<group>";
		};
		96A865302E4053B423BD8EBF /* Frameworks */ = {
			isa = PBXGroup;
			children = (
				8E6BE84CC7A4995919A8FDF7 /* Pods_MarvelCharacters.framework */,
				7BB4C2DEB366E986AF47D2CA /* Pods_MarvelCharacters_MarvelCharactersUITests.framework */,
				55114FB72F458C773ABFA663 /* Pods_MarvelCharactersTests.framework */,
			);
			name = Frameworks;
			sourceTree = "<group>";
		};
		A51EF73E0EC70373617E35CE /* Pods */ = {
			isa = PBXGroup;
			children = (
				B7295DE225BA63B50F5D6A0F /* Pods-MarvelCharacters.debug.xcconfig */,
				2E62A82A8759DA3BDB7310BE /* Pods-MarvelCharacters.release.xcconfig */,
				A0E78647E6F05E04444A2AB7 /* Pods-MarvelCharacters-MarvelCharactersUITests.debug.xcconfig */,
				61695A18356947C0FBBBB81B /* Pods-MarvelCharacters-MarvelCharactersUITests.release.xcconfig */,
				460D2962B2EAB2F33324C477 /* Pods-MarvelCharactersTests.debug.xcconfig */,
				6F61F41B94F4E4AD35A6182C /* Pods-MarvelCharactersTests.release.xcconfig */,
			);
			path = Pods;
			sourceTree = "<group>";
		};
/* End PBXGroup section */

/* Begin PBXNativeTarget section */
		0F914CC5282C8724004FCB4B /* MarvelCharacters */ = {
			isa = PBXNativeTarget;
			buildConfigurationList = 0F914CF0282C8725004FCB4B /* Build configuration list for PBXNativeTarget "MarvelCharacters" */;
			buildPhases = (
				98900282EA4DCC73E62A8EEC /* [CP] Check Pods Manifest.lock */,
				0F914CC2282C8724004FCB4B /* Sources */,
				0F914CC3282C8724004FCB4B /* Frameworks */,
				0F914CC4282C8724004FCB4B /* Resources */,
				0F914CF9282C921F004FCB4B /* ShellScript */,
				1D27CAD61B3DE6CC30334D37 /* [CP] Embed Pods Frameworks */,
			);
			buildRules = (
			);
			dependencies = (
			);
			name = MarvelCharacters;
			productName = MarvelCharacters;
			productReference = 0F914CC6282C8724004FCB4B /* MarvelCharacters.app */;
			productType = "com.apple.product-type.application";
		};
		0F914CDB282C8725004FCB4B /* MarvelCharactersTests */ = {
			isa = PBXNativeTarget;
			buildConfigurationList = 0F914CF3282C8725004FCB4B /* Build configuration list for PBXNativeTarget "MarvelCharactersTests" */;
			buildPhases = (
				76F4D74D14474DD2944976F3 /* [CP] Check Pods Manifest.lock */,
				0F914CD8282C8725004FCB4B /* Sources */,
				0F914CD9282C8725004FCB4B /* Frameworks */,
				0F914CDA282C8725004FCB4B /* Resources */,
			);
			buildRules = (
			);
			dependencies = (
				0F914CDE282C8725004FCB4B /* PBXTargetDependency */,
			);
			name = MarvelCharactersTests;
			productName = MarvelCharactersTests;
			productReference = 0F914CDC282C8725004FCB4B /* MarvelCharactersTests.xctest */;
			productType = "com.apple.product-type.bundle.unit-test";
		};
		0F914CE5282C8725004FCB4B /* MarvelCharactersUITests */ = {
			isa = PBXNativeTarget;
			buildConfigurationList = 0F914CF6282C8725004FCB4B /* Build configuration list for PBXNativeTarget "MarvelCharactersUITests" */;
			buildPhases = (
				F8C584E94C3A8EEFC59343A5 /* [CP] Check Pods Manifest.lock */,
				0F914CE2282C8725004FCB4B /* Sources */,
				0F914CE3282C8725004FCB4B /* Frameworks */,
				0F914CE4282C8725004FCB4B /* Resources */,
				2CF14BD70027466EC45A1743 /* [CP] Embed Pods Frameworks */,
			);
			buildRules = (
			);
			dependencies = (
				0F914CE8282C8725004FCB4B /* PBXTargetDependency */,
			);
			name = MarvelCharactersUITests;
			productName = MarvelCharactersUITests;
			productReference = 0F914CE6282C8725004FCB4B /* MarvelCharactersUITests.xctest */;
			productType = "com.apple.product-type.bundle.ui-testing";
		};
/* End PBXNativeTarget section */

/* Begin PBXProject section */
		0F914CBE282C8724004FCB4B /* Project object */ = {
			isa = PBXProject;
			attributes = {
				BuildIndependentTargetsInParallel = 1;
				LastSwiftUpdateCheck = 1330;
				LastUpgradeCheck = 1330;
				TargetAttributes = {
					0F914CC5282C8724004FCB4B = {
						CreatedOnToolsVersion = 13.3;
					};
					0F914CDB282C8725004FCB4B = {
						CreatedOnToolsVersion = 13.3;
						TestTargetID = 0F914CC5282C8724004FCB4B;
					};
					0F914CE5282C8725004FCB4B = {
						CreatedOnToolsVersion = 13.3;
						TestTargetID = 0F914CC5282C8724004FCB4B;
					};
				};
			};
			buildConfigurationList = 0F914CC1282C8724004FCB4B /* Build configuration list for PBXProject "MarvelCharacters" */;
			compatibilityVersion = "Xcode 13.0";
			developmentRegion = en;
			hasScannedForEncodings = 0;
			knownRegions = (
				en,
				Base,
			);
			mainGroup = 0F914CBD282C8724004FCB4B;
			productRefGroup = 0F914CC7282C8724004FCB4B /* Products */;
			projectDirPath = "";
			projectRoot = "";
			targets = (
				0F914CC5282C8724004FCB4B /* MarvelCharacters */,
				0F914CDB282C8725004FCB4B /* MarvelCharactersTests */,
				0F914CE5282C8725004FCB4B /* MarvelCharactersUITests */,
			);
		};
/* End PBXProject section */

/* Begin PBXResourcesBuildPhase section */
		0F914CC4282C8724004FCB4B /* Resources */ = {
			isa = PBXResourcesBuildPhase;
			buildActionMask = 2147483647;
			files = (
				0F914CD6282C8725004FCB4B /* LaunchScreen.storyboard in Resources */,
				0F914CD3282C8725004FCB4B /* Assets.xcassets in Resources */,
			);
			runOnlyForDeploymentPostprocessing = 0;
		};
		0F914CDA282C8725004FCB4B /* Resources */ = {
			isa = PBXResourcesBuildPhase;
			buildActionMask = 2147483647;
			files = (
				0F7AF03C2830D83D00CB0B3B /* characters_response.json in Resources */,
			);
			runOnlyForDeploymentPostprocessing = 0;
		};
		0F914CE4282C8725004FCB4B /* Resources */ = {
			isa = PBXResourcesBuildPhase;
			buildActionMask = 2147483647;
			files = (
			);
			runOnlyForDeploymentPostprocessing = 0;
		};
/* End PBXResourcesBuildPhase section */

/* Begin PBXShellScriptBuildPhase section */
		0F914CF9282C921F004FCB4B /* ShellScript */ = {
			isa = PBXShellScriptBuildPhase;
			buildActionMask = 2147483647;
			files = (
			);
			inputFileListPaths = (
			);
			inputPaths = (
			);
			outputFileListPaths = (
			);
			outputPaths = (
			);
			runOnlyForDeploymentPostprocessing = 0;
			shellPath = /bin/sh;
			shellScript = "\"${PODS_ROOT}/SwiftLint/swiftlint\"\n";
		};
		1D27CAD61B3DE6CC30334D37 /* [CP] Embed Pods Frameworks */ = {
			isa = PBXShellScriptBuildPhase;
			buildActionMask = 2147483647;
			files = (
			);
			inputFileListPaths = (
				"${PODS_ROOT}/Target Support Files/Pods-MarvelCharacters/Pods-MarvelCharacters-frameworks-${CONFIGURATION}-input-files.xcfilelist",
			);
			name = "[CP] Embed Pods Frameworks";
			outputFileListPaths = (
				"${PODS_ROOT}/Target Support Files/Pods-MarvelCharacters/Pods-MarvelCharacters-frameworks-${CONFIGURATION}-output-files.xcfilelist",
			);
			runOnlyForDeploymentPostprocessing = 0;
			shellPath = /bin/sh;
			shellScript = "\"${PODS_ROOT}/Target Support Files/Pods-MarvelCharacters/Pods-MarvelCharacters-frameworks.sh\"\n";
			showEnvVarsInLog = 0;
		};
		2CF14BD70027466EC45A1743 /* [CP] Embed Pods Frameworks */ = {
			isa = PBXShellScriptBuildPhase;
			buildActionMask = 2147483647;
			files = (
			);
			inputFileListPaths = (
				"${PODS_ROOT}/Target Support Files/Pods-MarvelCharacters-MarvelCharactersUITests/Pods-MarvelCharacters-MarvelCharactersUITests-frameworks-${CONFIGURATION}-input-files.xcfilelist",
			);
			name = "[CP] Embed Pods Frameworks";
			outputFileListPaths = (
				"${PODS_ROOT}/Target Support Files/Pods-MarvelCharacters-MarvelCharactersUITests/Pods-MarvelCharacters-MarvelCharactersUITests-frameworks-${CONFIGURATION}-output-files.xcfilelist",
			);
			runOnlyForDeploymentPostprocessing = 0;
			shellPath = /bin/sh;
			shellScript = "\"${PODS_ROOT}/Target Support Files/Pods-MarvelCharacters-MarvelCharactersUITests/Pods-MarvelCharacters-MarvelCharactersUITests-frameworks.sh\"\n";
			showEnvVarsInLog = 0;
		};
		76F4D74D14474DD2944976F3 /* [CP] Check Pods Manifest.lock */ = {
			isa = PBXShellScriptBuildPhase;
			buildActionMask = 2147483647;
			files = (
			);
			inputFileListPaths = (
			);
			inputPaths = (
				"${PODS_PODFILE_DIR_PATH}/Podfile.lock",
				"${PODS_ROOT}/Manifest.lock",
			);
			name = "[CP] Check Pods Manifest.lock";
			outputFileListPaths = (
			);
			outputPaths = (
				"$(DERIVED_FILE_DIR)/Pods-MarvelCharactersTests-checkManifestLockResult.txt",
			);
			runOnlyForDeploymentPostprocessing = 0;
			shellPath = /bin/sh;
			shellScript = "diff \"${PODS_PODFILE_DIR_PATH}/Podfile.lock\" \"${PODS_ROOT}/Manifest.lock\" > /dev/null\nif [ $? != 0 ] ; then\n    # print error to STDERR\n    echo \"error: The sandbox is not in sync with the Podfile.lock. Run 'pod install' or update your CocoaPods installation.\" >&2\n    exit 1\nfi\n# This output is used by Xcode 'outputs' to avoid re-running this script phase.\necho \"SUCCESS\" > \"${SCRIPT_OUTPUT_FILE_0}\"\n";
			showEnvVarsInLog = 0;
		};
		98900282EA4DCC73E62A8EEC /* [CP] Check Pods Manifest.lock */ = {
			isa = PBXShellScriptBuildPhase;
			buildActionMask = 2147483647;
			files = (
			);
			inputFileListPaths = (
			);
			inputPaths = (
				"${PODS_PODFILE_DIR_PATH}/Podfile.lock",
				"${PODS_ROOT}/Manifest.lock",
			);
			name = "[CP] Check Pods Manifest.lock";
			outputFileListPaths = (
			);
			outputPaths = (
				"$(DERIVED_FILE_DIR)/Pods-MarvelCharacters-checkManifestLockResult.txt",
			);
			runOnlyForDeploymentPostprocessing = 0;
			shellPath = /bin/sh;
			shellScript = "diff \"${PODS_PODFILE_DIR_PATH}/Podfile.lock\" \"${PODS_ROOT}/Manifest.lock\" > /dev/null\nif [ $? != 0 ] ; then\n    # print error to STDERR\n    echo \"error: The sandbox is not in sync with the Podfile.lock. Run 'pod install' or update your CocoaPods installation.\" >&2\n    exit 1\nfi\n# This output is used by Xcode 'outputs' to avoid re-running this script phase.\necho \"SUCCESS\" > \"${SCRIPT_OUTPUT_FILE_0}\"\n";
			showEnvVarsInLog = 0;
		};
		F8C584E94C3A8EEFC59343A5 /* [CP] Check Pods Manifest.lock */ = {
			isa = PBXShellScriptBuildPhase;
			buildActionMask = 2147483647;
			files = (
			);
			inputFileListPaths = (
			);
			inputPaths = (
				"${PODS_PODFILE_DIR_PATH}/Podfile.lock",
				"${PODS_ROOT}/Manifest.lock",
			);
			name = "[CP] Check Pods Manifest.lock";
			outputFileListPaths = (
			);
			outputPaths = (
				"$(DERIVED_FILE_DIR)/Pods-MarvelCharacters-MarvelCharactersUITests-checkManifestLockResult.txt",
			);
			runOnlyForDeploymentPostprocessing = 0;
			shellPath = /bin/sh;
			shellScript = "diff \"${PODS_PODFILE_DIR_PATH}/Podfile.lock\" \"${PODS_ROOT}/Manifest.lock\" > /dev/null\nif [ $? != 0 ] ; then\n    # print error to STDERR\n    echo \"error: The sandbox is not in sync with the Podfile.lock. Run 'pod install' or update your CocoaPods installation.\" >&2\n    exit 1\nfi\n# This output is used by Xcode 'outputs' to avoid re-running this script phase.\necho \"SUCCESS\" > \"${SCRIPT_OUTPUT_FILE_0}\"\n";
			showEnvVarsInLog = 0;
		};
/* End PBXShellScriptBuildPhase section */

/* Begin PBXSourcesBuildPhase section */
		0F914CC2282C8724004FCB4B /* Sources */ = {
			isa = PBXSourcesBuildPhase;
			buildActionMask = 2147483647;
			files = (
				0F7AF01C282F296200CB0B3B /* LoadingFooterView.swift in Sources */,
				0F7AF02F2830A70100CB0B3B /* MarvelAPIClient.swift in Sources */,
				0F914CCE282C8724004FCB4B /* CharacterListViewController.swift in Sources */,
				0F7AF02B28308C6400CB0B3B /* CharacterResponse.swift in Sources */,
				0F7AF02928308BD300CB0B3B /* ImageResponse.swift in Sources */,
				0FBC83B6282D6D7000C8657A /* DefaultEnvironment.swift in Sources */,
				0F914CCA282C8724004FCB4B /* AppDelegate.swift in Sources */,
				0F7AF0432832C5B600CB0B3B /* Character.swift in Sources */,
				0FBC83BA282DCD1F00C8657A /* CharacterListCell.swift in Sources */,
				0FBC83AB282CAD7C00C8657A /* Coordinator.swift in Sources */,
				0F7AF02528308B9F00CB0B3B /* UrlResponse.swift in Sources */,
				0F7AF0462832C71000CB0B3B /* CharacterRepository.swift in Sources */,
				0F7AF02128308B5300CB0B3B /* MediaSummaryResponse.swift in Sources */,
				0FBC83AD282CAE5B00C8657A /* ApplicationCoordinator.swift in Sources */,
				0F7AF0322830AF3100CB0B3B /* MoyaMarvelAPIClient.swift in Sources */,
				0F7AF02328308B8100CB0B3B /* CharacterDataWrapperResponse.swift in Sources */,
				0FBC83B2282CB29700C8657A /* Environment.swift in Sources */,
				0F7AF02D28308C8100CB0B3B /* MediaListResponse.swift in Sources */,
				0F7AF02728308BBF00CB0B3B /* CharacterDataContainerResponse.swift in Sources */,
				0F7AF048283306F800CB0B3B /* CharacterResponse+Mapping.swift in Sources */,
				0FBC83B4282D68FC00C8657A /* CharactersListCoordinator.swift in Sources */,
				0F7AF03F2831EE2900CB0B3B /* CharacterListViewModel.swift in Sources */,
			);
			runOnlyForDeploymentPostprocessing = 0;
		};
		0F914CD8282C8725004FCB4B /* Sources */ = {
			isa = PBXSourcesBuildPhase;
			buildActionMask = 2147483647;
			files = (
				0F7AF03A2830D04B00CB0B3B /* CharactersResponseTests.swift in Sources */,
				0F7AF04D2833391200CB0B3B /* CharacterRepositoryTests.swift in Sources */,
				0F7AF04B2833303300CB0B3B /* MockMarvelAPIClient.swift in Sources */,
			);
			runOnlyForDeploymentPostprocessing = 0;
		};
		0F914CE2282C8725004FCB4B /* Sources */ = {
			isa = PBXSourcesBuildPhase;
			buildActionMask = 2147483647;
			files = (
				0F914CEB282C8725004FCB4B /* MarvelCharactersUITests.swift in Sources */,
				0F914CED282C8725004FCB4B /* MarvelCharactersUITestsLaunchTests.swift in Sources */,
			);
			runOnlyForDeploymentPostprocessing = 0;
		};
/* End PBXSourcesBuildPhase section */

/* Begin PBXTargetDependency section */
		0F914CDE282C8725004FCB4B /* PBXTargetDependency */ = {
			isa = PBXTargetDependency;
			target = 0F914CC5282C8724004FCB4B /* MarvelCharacters */;
			targetProxy = 0F914CDD282C8725004FCB4B /* PBXContainerItemProxy */;
		};
		0F914CE8282C8725004FCB4B /* PBXTargetDependency */ = {
			isa = PBXTargetDependency;
			target = 0F914CC5282C8724004FCB4B /* MarvelCharacters */;
			targetProxy = 0F914CE7282C8725004FCB4B /* PBXContainerItemProxy */;
		};
/* End PBXTargetDependency section */

/* Begin PBXVariantGroup section */
		0F914CD4282C8725004FCB4B /* LaunchScreen.storyboard */ = {
			isa = PBXVariantGroup;
			children = (
				0F914CD5282C8725004FCB4B /* Base */,
			);
			name = LaunchScreen.storyboard;
			sourceTree = "<group>";
		};
/* End PBXVariantGroup section */

/* Begin XCBuildConfiguration section */
		0F914CEE282C8725004FCB4B /* Debug */ = {
			isa = XCBuildConfiguration;
			buildSettings = {
				ALWAYS_SEARCH_USER_PATHS = NO;
				CLANG_ANALYZER_NONNULL = YES;
				CLANG_ANALYZER_NUMBER_OBJECT_CONVERSION = YES_AGGRESSIVE;
				CLANG_CXX_LANGUAGE_STANDARD = "gnu++17";
				CLANG_ENABLE_MODULES = YES;
				CLANG_ENABLE_OBJC_ARC = YES;
				CLANG_ENABLE_OBJC_WEAK = YES;
				CLANG_WARN_BLOCK_CAPTURE_AUTORELEASING = YES;
				CLANG_WARN_BOOL_CONVERSION = YES;
				CLANG_WARN_COMMA = YES;
				CLANG_WARN_CONSTANT_CONVERSION = YES;
				CLANG_WARN_DEPRECATED_OBJC_IMPLEMENTATIONS = YES;
				CLANG_WARN_DIRECT_OBJC_ISA_USAGE = YES_ERROR;
				CLANG_WARN_DOCUMENTATION_COMMENTS = YES;
				CLANG_WARN_EMPTY_BODY = YES;
				CLANG_WARN_ENUM_CONVERSION = YES;
				CLANG_WARN_INFINITE_RECURSION = YES;
				CLANG_WARN_INT_CONVERSION = YES;
				CLANG_WARN_NON_LITERAL_NULL_CONVERSION = YES;
				CLANG_WARN_OBJC_IMPLICIT_RETAIN_SELF = YES;
				CLANG_WARN_OBJC_LITERAL_CONVERSION = YES;
				CLANG_WARN_OBJC_ROOT_CLASS = YES_ERROR;
				CLANG_WARN_QUOTED_INCLUDE_IN_FRAMEWORK_HEADER = YES;
				CLANG_WARN_RANGE_LOOP_ANALYSIS = YES;
				CLANG_WARN_STRICT_PROTOTYPES = YES;
				CLANG_WARN_SUSPICIOUS_MOVE = YES;
				CLANG_WARN_UNGUARDED_AVAILABILITY = YES_AGGRESSIVE;
				CLANG_WARN_UNREACHABLE_CODE = YES;
				CLANG_WARN__DUPLICATE_METHOD_MATCH = YES;
				COPY_PHASE_STRIP = NO;
				DEBUG_INFORMATION_FORMAT = dwarf;
				ENABLE_STRICT_OBJC_MSGSEND = YES;
				ENABLE_TESTABILITY = YES;
				GCC_C_LANGUAGE_STANDARD = gnu11;
				GCC_DYNAMIC_NO_PIC = NO;
				GCC_NO_COMMON_BLOCKS = YES;
				GCC_OPTIMIZATION_LEVEL = 0;
				GCC_PREPROCESSOR_DEFINITIONS = (
					"DEBUG=1",
					"$(inherited)",
				);
				GCC_WARN_64_TO_32_BIT_CONVERSION = YES;
				GCC_WARN_ABOUT_RETURN_TYPE = YES_ERROR;
				GCC_WARN_UNDECLARED_SELECTOR = YES;
				GCC_WARN_UNINITIALIZED_AUTOS = YES_AGGRESSIVE;
				GCC_WARN_UNUSED_FUNCTION = YES;
				GCC_WARN_UNUSED_VARIABLE = YES;
				IPHONEOS_DEPLOYMENT_TARGET = 15.0;
				MTL_ENABLE_DEBUG_INFO = INCLUDE_SOURCE;
				MTL_FAST_MATH = YES;
				ONLY_ACTIVE_ARCH = YES;
				SDKROOT = iphoneos;
				SWIFT_ACTIVE_COMPILATION_CONDITIONS = DEBUG;
				SWIFT_OPTIMIZATION_LEVEL = "-Onone";
			};
			name = Debug;
		};
		0F914CEF282C8725004FCB4B /* Release */ = {
			isa = XCBuildConfiguration;
			buildSettings = {
				ALWAYS_SEARCH_USER_PATHS = NO;
				CLANG_ANALYZER_NONNULL = YES;
				CLANG_ANALYZER_NUMBER_OBJECT_CONVERSION = YES_AGGRESSIVE;
				CLANG_CXX_LANGUAGE_STANDARD = "gnu++17";
				CLANG_ENABLE_MODULES = YES;
				CLANG_ENABLE_OBJC_ARC = YES;
				CLANG_ENABLE_OBJC_WEAK = YES;
				CLANG_WARN_BLOCK_CAPTURE_AUTORELEASING = YES;
				CLANG_WARN_BOOL_CONVERSION = YES;
				CLANG_WARN_COMMA = YES;
				CLANG_WARN_CONSTANT_CONVERSION = YES;
				CLANG_WARN_DEPRECATED_OBJC_IMPLEMENTATIONS = YES;
				CLANG_WARN_DIRECT_OBJC_ISA_USAGE = YES_ERROR;
				CLANG_WARN_DOCUMENTATION_COMMENTS = YES;
				CLANG_WARN_EMPTY_BODY = YES;
				CLANG_WARN_ENUM_CONVERSION = YES;
				CLANG_WARN_INFINITE_RECURSION = YES;
				CLANG_WARN_INT_CONVERSION = YES;
				CLANG_WARN_NON_LITERAL_NULL_CONVERSION = YES;
				CLANG_WARN_OBJC_IMPLICIT_RETAIN_SELF = YES;
				CLANG_WARN_OBJC_LITERAL_CONVERSION = YES;
				CLANG_WARN_OBJC_ROOT_CLASS = YES_ERROR;
				CLANG_WARN_QUOTED_INCLUDE_IN_FRAMEWORK_HEADER = YES;
				CLANG_WARN_RANGE_LOOP_ANALYSIS = YES;
				CLANG_WARN_STRICT_PROTOTYPES = YES;
				CLANG_WARN_SUSPICIOUS_MOVE = YES;
				CLANG_WARN_UNGUARDED_AVAILABILITY = YES_AGGRESSIVE;
				CLANG_WARN_UNREACHABLE_CODE = YES;
				CLANG_WARN__DUPLICATE_METHOD_MATCH = YES;
				COPY_PHASE_STRIP = NO;
				DEBUG_INFORMATION_FORMAT = "dwarf-with-dsym";
				ENABLE_NS_ASSERTIONS = NO;
				ENABLE_STRICT_OBJC_MSGSEND = YES;
				GCC_C_LANGUAGE_STANDARD = gnu11;
				GCC_NO_COMMON_BLOCKS = YES;
				GCC_WARN_64_TO_32_BIT_CONVERSION = YES;
				GCC_WARN_ABOUT_RETURN_TYPE = YES_ERROR;
				GCC_WARN_UNDECLARED_SELECTOR = YES;
				GCC_WARN_UNINITIALIZED_AUTOS = YES_AGGRESSIVE;
				GCC_WARN_UNUSED_FUNCTION = YES;
				GCC_WARN_UNUSED_VARIABLE = YES;
				IPHONEOS_DEPLOYMENT_TARGET = 15.0;
				MTL_ENABLE_DEBUG_INFO = NO;
				MTL_FAST_MATH = YES;
				SDKROOT = iphoneos;
				SWIFT_COMPILATION_MODE = wholemodule;
				SWIFT_OPTIMIZATION_LEVEL = "-O";
				VALIDATE_PRODUCT = YES;
			};
			name = Release;
		};
		0F914CF1282C8725004FCB4B /* Debug */ = {
			isa = XCBuildConfiguration;
			baseConfigurationReference = B7295DE225BA63B50F5D6A0F /* Pods-MarvelCharacters.debug.xcconfig */;
			buildSettings = {
				ASSETCATALOG_COMPILER_APPICON_NAME = AppIcon;
				ASSETCATALOG_COMPILER_GLOBAL_ACCENT_COLOR_NAME = AccentColor;
				CODE_SIGN_STYLE = Automatic;
				CURRENT_PROJECT_VERSION = 1;
				DEVELOPMENT_TEAM = GFB47GL4S5;
				GENERATE_INFOPLIST_FILE = YES;
				INFOPLIST_FILE = MarvelCharacters/Info.plist;
				INFOPLIST_KEY_UIApplicationSupportsIndirectInputEvents = YES;
				INFOPLIST_KEY_UILaunchStoryboardName = LaunchScreen;
				INFOPLIST_KEY_UISupportedInterfaceOrientations_iPad = "UIInterfaceOrientationPortrait UIInterfaceOrientationPortraitUpsideDown UIInterfaceOrientationLandscapeLeft UIInterfaceOrientationLandscapeRight";
				INFOPLIST_KEY_UISupportedInterfaceOrientations_iPhone = "UIInterfaceOrientationPortrait UIInterfaceOrientationLandscapeLeft UIInterfaceOrientationLandscapeRight";
				LD_RUNPATH_SEARCH_PATHS = (
					"$(inherited)",
					"@executable_path/Frameworks",
				);
				MARKETING_VERSION = 1.0;
				PRODUCT_BUNDLE_IDENTIFIER = dev.emilianogalitiello.MarvelCharacters;
				PRODUCT_NAME = "$(TARGET_NAME)";
				SWIFT_EMIT_LOC_STRINGS = YES;
				SWIFT_VERSION = 5.0;
				TARGETED_DEVICE_FAMILY = "1,2";
			};
			name = Debug;
		};
		0F914CF2282C8725004FCB4B /* Release */ = {
			isa = XCBuildConfiguration;
			baseConfigurationReference = 2E62A82A8759DA3BDB7310BE /* Pods-MarvelCharacters.release.xcconfig */;
			buildSettings = {
				ASSETCATALOG_COMPILER_APPICON_NAME = AppIcon;
				ASSETCATALOG_COMPILER_GLOBAL_ACCENT_COLOR_NAME = AccentColor;
				CODE_SIGN_STYLE = Automatic;
				CURRENT_PROJECT_VERSION = 1;
				DEVELOPMENT_TEAM = GFB47GL4S5;
				GENERATE_INFOPLIST_FILE = YES;
				INFOPLIST_FILE = MarvelCharacters/Info.plist;
				INFOPLIST_KEY_UIApplicationSupportsIndirectInputEvents = YES;
				INFOPLIST_KEY_UILaunchStoryboardName = LaunchScreen;
				INFOPLIST_KEY_UISupportedInterfaceOrientations_iPad = "UIInterfaceOrientationPortrait UIInterfaceOrientationPortraitUpsideDown UIInterfaceOrientationLandscapeLeft UIInterfaceOrientationLandscapeRight";
				INFOPLIST_KEY_UISupportedInterfaceOrientations_iPhone = "UIInterfaceOrientationPortrait UIInterfaceOrientationLandscapeLeft UIInterfaceOrientationLandscapeRight";
				LD_RUNPATH_SEARCH_PATHS = (
					"$(inherited)",
					"@executable_path/Frameworks",
				);
				MARKETING_VERSION = 1.0;
				PRODUCT_BUNDLE_IDENTIFIER = dev.emilianogalitiello.MarvelCharacters;
				PRODUCT_NAME = "$(TARGET_NAME)";
				SWIFT_EMIT_LOC_STRINGS = YES;
				SWIFT_VERSION = 5.0;
				TARGETED_DEVICE_FAMILY = "1,2";
			};
			name = Release;
		};
		0F914CF4282C8725004FCB4B /* Debug */ = {
			isa = XCBuildConfiguration;
			baseConfigurationReference = 460D2962B2EAB2F33324C477 /* Pods-MarvelCharactersTests.debug.xcconfig */;
			buildSettings = {
				ALWAYS_EMBED_SWIFT_STANDARD_LIBRARIES = YES;
				BUNDLE_LOADER = "$(TEST_HOST)";
				CODE_SIGN_STYLE = Automatic;
				CURRENT_PROJECT_VERSION = 1;
				DEVELOPMENT_TEAM = GFB47GL4S5;
				GENERATE_INFOPLIST_FILE = YES;
				IPHONEOS_DEPLOYMENT_TARGET = 15.4;
				MARKETING_VERSION = 1.0;
				PRODUCT_BUNDLE_IDENTIFIER = dev.emilianogalitiello.MarvelCharactersTests;
				PRODUCT_NAME = "$(TARGET_NAME)";
				SWIFT_EMIT_LOC_STRINGS = NO;
				SWIFT_VERSION = 5.0;
				TARGETED_DEVICE_FAMILY = "1,2";
				TEST_HOST = "$(BUILT_PRODUCTS_DIR)/MarvelCharacters.app/MarvelCharacters";
			};
			name = Debug;
		};
		0F914CF5282C8725004FCB4B /* Release */ = {
			isa = XCBuildConfiguration;
			baseConfigurationReference = 6F61F41B94F4E4AD35A6182C /* Pods-MarvelCharactersTests.release.xcconfig */;
			buildSettings = {
				ALWAYS_EMBED_SWIFT_STANDARD_LIBRARIES = YES;
				BUNDLE_LOADER = "$(TEST_HOST)";
				CODE_SIGN_STYLE = Automatic;
				CURRENT_PROJECT_VERSION = 1;
				DEVELOPMENT_TEAM = GFB47GL4S5;
				GENERATE_INFOPLIST_FILE = YES;
				IPHONEOS_DEPLOYMENT_TARGET = 15.4;
				MARKETING_VERSION = 1.0;
				PRODUCT_BUNDLE_IDENTIFIER = dev.emilianogalitiello.MarvelCharactersTests;
				PRODUCT_NAME = "$(TARGET_NAME)";
				SWIFT_EMIT_LOC_STRINGS = NO;
				SWIFT_VERSION = 5.0;
				TARGETED_DEVICE_FAMILY = "1,2";
				TEST_HOST = "$(BUILT_PRODUCTS_DIR)/MarvelCharacters.app/MarvelCharacters";
			};
			name = Release;
		};
		0F914CF7282C8725004FCB4B /* Debug */ = {
			isa = XCBuildConfiguration;
			baseConfigurationReference = A0E78647E6F05E04444A2AB7 /* Pods-MarvelCharacters-MarvelCharactersUITests.debug.xcconfig */;
			buildSettings = {
				ALWAYS_EMBED_SWIFT_STANDARD_LIBRARIES = YES;
				CODE_SIGN_STYLE = Automatic;
				CURRENT_PROJECT_VERSION = 1;
				DEVELOPMENT_TEAM = GFB47GL4S5;
				GENERATE_INFOPLIST_FILE = YES;
				MARKETING_VERSION = 1.0;
				PRODUCT_BUNDLE_IDENTIFIER = dev.emilianogalitiello.MarvelCharactersUITests;
				PRODUCT_NAME = "$(TARGET_NAME)";
				SWIFT_EMIT_LOC_STRINGS = NO;
				SWIFT_VERSION = 5.0;
				TARGETED_DEVICE_FAMILY = "1,2";
				TEST_TARGET_NAME = MarvelCharacters;
			};
			name = Debug;
		};
		0F914CF8282C8725004FCB4B /* Release */ = {
			isa = XCBuildConfiguration;
			baseConfigurationReference = 61695A18356947C0FBBBB81B /* Pods-MarvelCharacters-MarvelCharactersUITests.release.xcconfig */;
			buildSettings = {
				ALWAYS_EMBED_SWIFT_STANDARD_LIBRARIES = YES;
				CODE_SIGN_STYLE = Automatic;
				CURRENT_PROJECT_VERSION = 1;
				DEVELOPMENT_TEAM = GFB47GL4S5;
				GENERATE_INFOPLIST_FILE = YES;
				MARKETING_VERSION = 1.0;
				PRODUCT_BUNDLE_IDENTIFIER = dev.emilianogalitiello.MarvelCharactersUITests;
				PRODUCT_NAME = "$(TARGET_NAME)";
				SWIFT_EMIT_LOC_STRINGS = NO;
				SWIFT_VERSION = 5.0;
				TARGETED_DEVICE_FAMILY = "1,2";
				TEST_TARGET_NAME = MarvelCharacters;
			};
			name = Release;
		};
/* End XCBuildConfiguration section */

/* Begin XCConfigurationList section */
		0F914CC1282C8724004FCB4B /* Build configuration list for PBXProject "MarvelCharacters" */ = {
			isa = XCConfigurationList;
			buildConfigurations = (
				0F914CEE282C8725004FCB4B /* Debug */,
				0F914CEF282C8725004FCB4B /* Release */,
			);
			defaultConfigurationIsVisible = 0;
			defaultConfigurationName = Release;
		};
		0F914CF0282C8725004FCB4B /* Build configuration list for PBXNativeTarget "MarvelCharacters" */ = {
			isa = XCConfigurationList;
			buildConfigurations = (
				0F914CF1282C8725004FCB4B /* Debug */,
				0F914CF2282C8725004FCB4B /* Release */,
			);
			defaultConfigurationIsVisible = 0;
			defaultConfigurationName = Release;
		};
		0F914CF3282C8725004FCB4B /* Build configuration list for PBXNativeTarget "MarvelCharactersTests" */ = {
			isa = XCConfigurationList;
			buildConfigurations = (
				0F914CF4282C8725004FCB4B /* Debug */,
				0F914CF5282C8725004FCB4B /* Release */,
			);
			defaultConfigurationIsVisible = 0;
			defaultConfigurationName = Release;
		};
		0F914CF6282C8725004FCB4B /* Build configuration list for PBXNativeTarget "MarvelCharactersUITests" */ = {
			isa = XCConfigurationList;
			buildConfigurations = (
				0F914CF7282C8725004FCB4B /* Debug */,
				0F914CF8282C8725004FCB4B /* Release */,
			);
			defaultConfigurationIsVisible = 0;
			defaultConfigurationName = Release;
		};
/* End XCConfigurationList section */
	};
	rootObject = 0F914CBE282C8724004FCB4B /* Project object */;
}
